
Microsoft Visual Studio Solution File, Format Version 12.00
# Visual Studio Version 17
VisualStudioVersion = 17.5.33530.505
MinimumVisualStudioVersion = 10.0.40219.1
Project("{FAE04EC0-301F-11D3-BF4B-00C04F79EFBC}") = "xiaozhi_c#", "xiaozhi_c#.csproj", "{7F229951-56F8-43C2-9C86-5F2A7A46EE1D}"
EndProject
Global
	GlobalSection(SolutionConfigurationPlatforms) = preSolution
		Debug|Any CPU = Debug|Any CPU
		Release|Any CPU = Release|Any CPU
	EndGlobalSection
	GlobalSection(ProjectConfigurationPlatforms) = postSolution
		{7F229951-56F8-43C2-9C86-5F2A7A46EE1D}.Debug|Any CPU.ActiveCfg = Debug|Any CPU
		{7F229951-56F8-43C2-9C86-5F2A7A46EE1D}.Debug|Any CPU.Build.0 = Debug|Any CPU
		{7F229951-56F8-43C2-9C86-5F2A7A46EE1D}.Release|Any CPU.ActiveCfg = Release|Any CPU
		{7F229951-56F8-43C2-9C86-5F2A7A46EE1D}.Release|Any CPU.Build.0 = Release|Any CPU
	EndGlobalSection
	GlobalSection(SolutionProperties) = preSolution
		HideSolutionNode = FALSE
	EndGlobalSection
	GlobalSection(ExtensibilityGlobals) = postSolution
		SolutionGuid = {383BC7F1-4301-421E-A464-0D25D5D6F79C}
	EndGlobalSection
EndGlobal
