
Microsoft Visual Studio Solution File, Format Version 12.00
# Visual Studio Version 17
VisualStudioVersion = 17.5.33530.505
MinimumVisualStudioVersion = 10.0.40219.1
Project("{8BC9CEB8-8B4A-11D0-8D11-00A0C91BC942}") = "机房预订系统", "机房预订系统\机房预订系统.vcxproj", "{E43992EE-448A-4EDC-90B5-8ABAB2F6BEFE}"
EndProject
Global
	GlobalSection(SolutionConfigurationPlatforms) = preSolution
		Debug|x64 = Debug|x64
		Debug|x86 = Debug|x86
		Release|x64 = Release|x64
		Release|x86 = Release|x86
	EndGlobalSection
	GlobalSection(ProjectConfigurationPlatforms) = postSolution
		{E43992EE-448A-4EDC-90B5-8ABAB2F6BEFE}.Debug|x64.ActiveCfg = Debug|x64
		{E43992EE-448A-4EDC-90B5-8ABAB2F6BEFE}.Debug|x64.Build.0 = Debug|x64
		{E43992EE-448A-4EDC-90B5-8ABAB2F6BEFE}.Debug|x86.ActiveCfg = Debug|Win32
		{E43992EE-448A-4EDC-90B5-8ABAB2F6BEFE}.Debug|x86.Build.0 = Debug|Win32
		{E43992EE-448A-4EDC-90B5-8ABAB2F6BEFE}.Release|x64.ActiveCfg = Release|x64
		{E43992EE-448A-4EDC-90B5-8ABAB2F6BEFE}.Release|x64.Build.0 = Release|x64
		{E43992EE-448A-4EDC-90B5-8ABAB2F6BEFE}.Release|x86.ActiveCfg = Release|Win32
		{E43992EE-448A-4EDC-90B5-8ABAB2F6BEFE}.Release|x86.Build.0 = Release|Win32
	EndGlobalSection
	GlobalSection(SolutionProperties) = preSolution
		HideSolutionNode = FALSE
	EndGlobalSection
	GlobalSection(ExtensibilityGlobals) = postSolution
		SolutionGuid = {8929A79E-D4DA-437E-B9C1-0A427E3BE00C}
	EndGlobalSection
EndGlobal
